
Microsoft Visual Studio Solution File, Format Version 12.00
# Visual Studio 15
VisualStudioVersion = 15.0.26730.16
MinimumVisualStudioVersion = 10.0.40219.1
Project("{FAE04EC0-301F-11D3-BF4B-00C04F79EFBC}") = "Task1RemoveNegativesAndReverse", "Task1RemoveNegativesAndReverse\Task1RemoveNegativesAndReverse.csproj", "{7CADBA5A-3F9D-43DA-9CD4-BBBD7FD0744C}"
EndProject
Project("{FAE04EC0-301F-11D3-BF4B-00C04F79EFBC}") = "testLIst ov char", "testLIst ov char\testLIst ov char.csproj", "{E2D9A222-E2C5-4AEB-AF2F-FAA567550661}"
EndProject
Global
	GlobalSection(SolutionConfigurationPlatforms) = preSolution
		Debug|Any CPU = Debug|Any CPU
		Release|Any CPU = Release|Any CPU
	EndGlobalSection
	GlobalSection(ProjectConfigurationPlatforms) = postSolution
		{7CADBA5A-3F9D-43DA-9CD4-BBBD7FD0744C}.Debug|Any CPU.ActiveCfg = Debug|Any CPU
		{7CADBA5A-3F9D-43DA-9CD4-BBBD7FD0744C}.Debug|Any CPU.Build.0 = Debug|Any CPU
		{7CADBA5A-3F9D-43DA-9CD4-BBBD7FD0744C}.Release|Any CPU.ActiveCfg = Release|Any CPU
		{7CADBA5A-3F9D-43DA-9CD4-BBBD7FD0744C}.Release|Any CPU.Build.0 = Release|Any CPU
		{E2D9A222-E2C5-4AEB-AF2F-FAA567550661}.Debug|Any CPU.ActiveCfg = Debug|Any CPU
		{E2D9A222-E2C5-4AEB-AF2F-FAA567550661}.Debug|Any CPU.Build.0 = Debug|Any CPU
		{E2D9A222-E2C5-4AEB-AF2F-FAA567550661}.Release|Any CPU.ActiveCfg = Release|Any CPU
		{E2D9A222-E2C5-4AEB-AF2F-FAA567550661}.Release|Any CPU.Build.0 = Release|Any CPU
	EndGlobalSection
	GlobalSection(SolutionProperties) = preSolution
		HideSolutionNode = FALSE
	EndGlobalSection
	GlobalSection(ExtensibilityGlobals) = postSolution
		SolutionGuid = {B7A5FC9E-76B2-446C-A394-F4E3C0B96CD7}
	EndGlobalSection
EndGlobal
